
Microsoft Visual Studio Solution File, Format Version 12.00
# Visual Studio Version 16
VisualStudioVersion = 16.0.30503.244
MinimumVisualStudioVersion = 10.0.40219.1
Project("{FAE04EC0-301F-11D3-BF4B-00C04F79EFBC}") = "VL_Legend", "VL_Legend\VL_Legend.csproj", "{3998AE09-850B-4D9F-B93F-40E92E2F266A}"
EndProject
Global
	GlobalSection(SolutionConfigurationPlatforms) = preSolution
		Debug|Any CPU = Debug|Any CPU
		Release|Any CPU = Release|Any CPU
	EndGlobalSection
	GlobalSection(ProjectConfigurationPlatforms) = postSolution
		{3998AE09-850B-4D9F-B93F-40E92E2F266A}.Debug|Any CPU.ActiveCfg = Debug|Any CPU
		{3998AE09-850B-4D9F-B93F-40E92E2F266A}.Debug|Any CPU.Build.0 = Debug|Any CPU
		{3998AE09-850B-4D9F-B93F-40E92E2F266A}.Release|Any CPU.ActiveCfg = Release|Any CPU
		{3998AE09-850B-4D9F-B93F-40E92E2F266A}.Release|Any CPU.Build.0 = Release|Any CPU
	EndGlobalSection
	GlobalSection(SolutionProperties) = preSolution
		HideSolutionNode = FALSE
	EndGlobalSection
	GlobalSection(ExtensibilityGlobals) = postSolution
		SolutionGuid = {DC8AFFC6-042A-4A61-960C-901797545431}
	EndGlobalSection
EndGlobal
